Microsoft Visual Studio Solution File, Format Version 12.00
# Visual Studio Version 17
VisualStudioVersion = 17.13.35931.197 d17.13
MinimumVisualStudioVersion = 10.0.40219.1
Project("{FAE04EC0-301F-11D3-BF4B-00C04F79EFBC}") = "PlanningPresenceBlazor", "PlanningPresenceBlazor.csproj", "{3E209B51-5AD3-33A8-FDB9-AFF4D8522A19}"
EndProject
Global
	GlobalSection(SolutionConfigurationPlatforms) = preSolution
		Debug|Any CPU = Debug|Any CPU
		Release|Any CPU = Release|Any CPU
	EndGlobalSection
	GlobalSection(ProjectConfigurationPlatforms) = postSolution
		{3E209B51-5AD3-33A8-FDB9-AFF4D8522A19}.Debug|Any CPU.ActiveCfg = Debug|Any CPU
		{3E209B51-5AD3-33A8-FDB9-AFF4D8522A19}.Debug|Any CPU.Build.0 = Debug|Any CPU
		{3E209B51-5AD3-33A8-FDB9-AFF4D8522A19}.Release|Any CPU.ActiveCfg = Release|Any CPU
		{3E209B51-5AD3-33A8-FDB9-AFF4D8522A19}.Release|Any CPU.Build.0 = Release|Any CPU
	EndGlobalSection
	GlobalSection(SolutionProperties) = preSolution
		HideSolutionNode = FALSE
	EndGlobalSection
	GlobalSection(ExtensibilityGlobals) = postSolution
		SolutionGuid = {D590F041-5768-4EFC-860E-C386FABFD40F}
	EndGlobalSection
EndGlobal
